
Microsoft Visual Studio Solution File, Format Version 12.00
# Visual Studio Version 17
VisualStudioVersion = 17.3.32901.215
MinimumVisualStudioVersion = 10.0.40219.1
Project("{9A19103F-16F7-4668-BE54-9A1E7A4F7556}") = "TrilhaApiDesafio", "TrilhaApiDesafio.csproj", "{3BA0479E-A3D9-4B38-88BD-E8F0D6BDDC52}"
EndProject
Global
	GlobalSection(SolutionConfigurationPlatforms) = preSolution
		Debug|Any CPU = Debug|Any CPU
		Release|Any CPU = Release|Any CPU
	EndGlobalSection
	GlobalSection(ProjectConfigurationPlatforms) = postSolution
		{3BA0479E-A3D9-4B38-88BD-E8F0D6BDDC52}.Debug|Any CPU.ActiveCfg = Debug|Any CPU
		{3BA0479E-A3D9-4B38-88BD-E8F0D6BDDC52}.Debug|Any CPU.Build.0 = Debug|Any CPU
		{3BA0479E-A3D9-4B38-88BD-E8F0D6BDDC52}.Release|Any CPU.ActiveCfg = Release|Any CPU
		{3BA0479E-A3D9-4B38-88BD-E8F0D6BDDC52}.Release|Any CPU.Build.0 = Release|Any CPU
	EndGlobalSection
	GlobalSection(SolutionProperties) = preSolution
		HideSolutionNode = FALSE
	EndGlobalSection
	GlobalSection(ExtensibilityGlobals) = postSolution
		SolutionGuid = {FB759858-F10A-447B-AE34-2138C8BF8795}
	EndGlobalSection
EndGlobal
