
Microsoft Visual Studio Solution File, Format Version 12.00
# Visual Studio Version 17
VisualStudioVersion = 17.3.32901.215
MinimumVisualStudioVersion = 10.0.40219.1
Project("{9A19103F-16F7-4668-BE54-9A1E7A4F7556}") = "DesafioPOO", "DesafioPOO.csproj", "{8DBFEAD6-CE89-4D45-B822-E27663062267}"
EndProject
Global
	GlobalSection(SolutionConfigurationPlatforms) = preSolution
		Debug|Any CPU = Debug|Any CPU
		Release|Any CPU = Release|Any CPU
	EndGlobalSection
	GlobalSection(ProjectConfigurationPlatforms) = postSolution
		{8DBFEAD6-CE89-4D45-B822-E27663062267}.Debug|Any CPU.ActiveCfg = Debug|Any CPU
		{8DBFEAD6-CE89-4D45-B822-E27663062267}.Debug|Any CPU.Build.0 = Debug|Any CPU
		{8DBFEAD6-CE89-4D45-B822-E27663062267}.Release|Any CPU.ActiveCfg = Release|Any CPU
		{8DBFEAD6-CE89-4D45-B822-E27663062267}.Release|Any CPU.Build.0 = Release|Any CPU
	EndGlobalSection
	GlobalSection(SolutionProperties) = preSolution
		HideSolutionNode = FALSE
	EndGlobalSection
	GlobalSection(ExtensibilityGlobals) = postSolution
		SolutionGuid = {1112801C-43BB-49C8-B69B-191D6C9C3B62}
	EndGlobalSection
EndGlobal
